
Microsoft Visual Studio Solution File, Format Version 12.00
# Visual Studio Version 16
VisualStudioVersion = 16.0.30204.135
MinimumVisualStudioVersion = 10.0.40219.1
Project("{9A19103F-16F7-4668-BE54-9A1E7A4F7556}") = "WebApplication1", "WebApplication1\WebApplication1.csproj", "{ED1D8B4A-3C59-4729-8566-7B418B280818}"
EndProject
Project("{FAE04EC0-301F-11D3-BF4B-00C04F79EFBC}") = "Archive Tests", "Archive Tests\Archive Tests.csproj", "{0554FF25-ED8B-487D-9EE0-C296B739C938}"
EndProject
Global
	GlobalSection(SolutionConfigurationPlatforms) = preSolution
		Debug|Any CPU = Debug|Any CPU
		Release|Any CPU = Release|Any CPU
	EndGlobalSection
	GlobalSection(ProjectConfigurationPlatforms) = postSolution
		{ED1D8B4A-3C59-4729-8566-7B418B280818}.Debug|Any CPU.ActiveCfg = Debug|Any CPU
		{ED1D8B4A-3C59-4729-8566-7B418B280818}.Debug|Any CPU.Build.0 = Debug|Any CPU
		{ED1D8B4A-3C59-4729-8566-7B418B280818}.Release|Any CPU.ActiveCfg = Release|Any CPU
		{ED1D8B4A-3C59-4729-8566-7B418B280818}.Release|Any CPU.Build.0 = Release|Any CPU
		{0554FF25-ED8B-487D-9EE0-C296B739C938}.Debug|Any CPU.ActiveCfg = Debug|Any CPU
		{0554FF25-ED8B-487D-9EE0-C296B739C938}.Debug|Any CPU.Build.0 = Debug|Any CPU
		{0554FF25-ED8B-487D-9EE0-C296B739C938}.Release|Any CPU.ActiveCfg = Release|Any CPU
		{0554FF25-ED8B-487D-9EE0-C296B739C938}.Release|Any CPU.Build.0 = Release|Any CPU
	EndGlobalSection
	GlobalSection(SolutionProperties) = preSolution
		HideSolutionNode = FALSE
	EndGlobalSection
	GlobalSection(ExtensibilityGlobals) = postSolution
		SolutionGuid = {F6424001-9B3B-4FB2-8E76-31815CADB853}
	EndGlobalSection
EndGlobal
